
Microsoft Visual Studio Solution File, Format Version 12.00
# Visual Studio Version 17
VisualStudioVersion = 17.9.34728.123
MinimumVisualStudioVersion = 10.0.40219.1
Project("{FAE04EC0-301F-11D3-BF4B-00C04F79EFBC}") = "Лаба10.2", "Лаба10.2\Лаба10.2.csproj", "{33D2E8F9-938A-430D-9970-D5A3C954B093}"
EndProject
Global
	GlobalSection(SolutionConfigurationPlatforms) = preSolution
		Debug|Any CPU = Debug|Any CPU
		Release|Any CPU = Release|Any CPU
	EndGlobalSection
	GlobalSection(ProjectConfigurationPlatforms) = postSolution
		{33D2E8F9-938A-430D-9970-D5A3C954B093}.Debug|Any CPU.ActiveCfg = Debug|Any CPU
		{33D2E8F9-938A-430D-9970-D5A3C954B093}.Debug|Any CPU.Build.0 = Debug|Any CPU
		{33D2E8F9-938A-430D-9970-D5A3C954B093}.Release|Any CPU.ActiveCfg = Release|Any CPU
		{33D2E8F9-938A-430D-9970-D5A3C954B093}.Release|Any CPU.Build.0 = Release|Any CPU
	EndGlobalSection
	GlobalSection(SolutionProperties) = preSolution
		HideSolutionNode = FALSE
	EndGlobalSection
	GlobalSection(ExtensibilityGlobals) = postSolution
		SolutionGuid = {97DDE0A0-53CA-460C-B385-A5ED8AF92371}
	EndGlobalSection
EndGlobal
